
Microsoft Visual Studio Solution File, Format Version 12.00
# Visual Studio Version 17
VisualStudioVersion = 17.4.33110.190
MinimumVisualStudioVersion = 10.0.40219.1
Project("{FAE04EC0-301F-11D3-BF4B-00C04F79EFBC}") = "Assignment_8", "Assignment_8\Assignment_8.csproj", "{97CA453D-FC0B-469D-8240-D6C74B0CD96C}"
EndProject
Global
	GlobalSection(SolutionConfigurationPlatforms) = preSolution
		Debug|Any CPU = Debug|Any CPU
		Release|Any CPU = Release|Any CPU
	EndGlobalSection
	GlobalSection(ProjectConfigurationPlatforms) = postSolution
		{97CA453D-FC0B-469D-8240-D6C74B0CD96C}.Debug|Any CPU.ActiveCfg = Debug|Any CPU
		{97CA453D-FC0B-469D-8240-D6C74B0CD96C}.Debug|Any CPU.Build.0 = Debug|Any CPU
		{97CA453D-FC0B-469D-8240-D6C74B0CD96C}.Release|Any CPU.ActiveCfg = Release|Any CPU
		{97CA453D-FC0B-469D-8240-D6C74B0CD96C}.Release|Any CPU.Build.0 = Release|Any CPU
	EndGlobalSection
	GlobalSection(SolutionProperties) = preSolution
		HideSolutionNode = FALSE
	EndGlobalSection
	GlobalSection(ExtensibilityGlobals) = postSolution
		SolutionGuid = {4A68F0FD-F564-4E41-B2C5-53D51845C2E5}
	EndGlobalSection
EndGlobal
